{
  "name": "hdo-enighet",
  "version": "1.0.0",
  "lockfileVersion": 1,
  "requires": true,
  "dependencies": {
    "autoprefixer": {
      "version": "6.7.7",
      "resolved": "https://registry.npmjs.org/autoprefixer/-/autoprefixer-6.7.7.tgz",
      "integrity": "sha1-Hb0cg1ZY41zj+ZhAmdsAWFx4IBQ="
    },
    "babel-core": {
      "version": "6.25.0",
      "resolved": "https://registry.npmjs.org/babel-core/-/babel-core-6.25.0.tgz",
      "integrity": "sha1-fdQrBGPHQunVKW3rPsZ6kyLa1yk="
    },
    "babel-eslint": {
      "version": "4.1.8",
      "resolved": "https://registry.npmjs.org/babel-eslint/-/babel-eslint-4.1.8.tgz",
      "integrity": "sha1-T3nnpPWHns8D9Iyxb1UqNV/MMbI=",
      "dependencies": {
        "babel-core": {
          "version": "5.8.38",
          "resolved": "https://registry.npmjs.org/babel-core/-/babel-core-5.8.38.tgz",
          "integrity": "sha1-H8ruedfmG3ULALjlT238nQr4ZVg="
        },
        "babylon": {
          "version": "5.8.38",
          "resolved": "https://registry.npmjs.org/babylon/-/babylon-5.8.38.tgz",
          "integrity": "sha1-7JsSCxG/bM1Bc6GL8hfmC3mFn/0="
        },
        "core-js": {
          "version": "1.2.7",
          "resolved": "https://registry.npmjs.org/core-js/-/core-js-1.2.7.tgz",
          "integrity": "sha1-ZSKUwUZR2yj6k70tX/KYOk8IxjY="
        },
        "detect-indent": {
          "version": "3.0.1",
          "resolved": "https://registry.npmjs.org/detect-indent/-/detect-indent-3.0.1.tgz",
          "integrity": "sha1-ncXl3bzu+DJXZLlFGwK8bVQIT3U="
        },
        "globals": {
          "version": "6.4.1",
          "resolved": "https://registry.npmjs.org/globals/-/globals-6.4.1.tgz",
          "integrity": "sha1-hJgDKzttHMge68X3lpDY/in6v08="
        },
        "home-or-tmp": {
          "version": "1.0.0",
          "resolved": "https://registry.npmjs.org/home-or-tmp/-/home-or-tmp-1.0.0.tgz",
          "integrity": "sha1-S58eQIAMPlDGwn94FnavzOcfOYU="
        },
        "js-tokens": {
          "version": "1.0.1",
          "resolved": "https://registry.npmjs.org/js-tokens/-/js-tokens-1.0.1.tgz",
          "integrity": "sha1-zENaXIuUrRWst5gxQPyAGCyJrq4="
        },
        "json5": {
          "version": "0.4.0",
          "resolved": "https://registry.npmjs.org/json5/-/json5-0.4.0.tgz",
          "integrity": "sha1-BUNS5MTIDIbAkjh31EneF2pzLI0="
        },
        "lodash": {
          "version": "3.10.1",
          "resolved": "https://registry.npmjs.org/lodash/-/lodash-3.10.1.tgz",
          "integrity": "sha1-W/Rejkm6QYnhfUgnid/RW9FAt7Y="
        },
        "minimatch": {
          "version": "2.0.10",
          "resolved": "https://registry.npmjs.org/minimatch/-/minimatch-2.0.10.tgz",
          "integrity": "sha1-jQh8OcazjAAbl/ynzm0OHoCvusc="
        },
        "minimist": {
          "version": "1.2.0",
          "resolved": "https://registry.npmjs.org/minimist/-/minimist-1.2.0.tgz",
          "integrity": "sha1-o1AIsg9BOD7sH7kU9M1d95omQoQ="
        },
        "repeating": {
          "version": "1.1.3",
          "resolved": "https://registry.npmjs.org/repeating/-/repeating-1.1.3.tgz",
          "integrity": "sha1-PUEUIYh3U3SU+X93+Xhfq4EPpKw="
        },
        "source-map-support": {
          "version": "0.2.10",
          "resolved": "https://registry.npmjs.org/source-map-support/-/source-map-support-0.2.10.tgz",
          "integrity": "sha1-6lo5AKHByyUJagrozFwrSxDe09w=",
          "dependencies": {
            "source-map": {
              "version": "0.1.32",
              "resolved": "https://registry.npmjs.org/source-map/-/source-map-0.1.32.tgz",
              "integrity": "sha1-yLbBZ3l7pHQKjqMyUhYv8IWRsmY="
            }
          }
        }
      }
    },
    "babel-loader": {
      "version": "6.4.1",
      "resolved": "https://registry.npmjs.org/babel-loader/-/babel-loader-6.4.1.tgz",
      "integrity": "sha1-CzQRLVsHSKjc2/Uaz2+b1C1QuMo="
    },
    "babel-polyfill": {
      "version": "6.23.0",
      "resolved": "https://registry.npmjs.org/babel-polyfill/-/babel-polyfill-6.23.0.tgz",
      "integrity": "sha1-g2TKYt+Or7gwSZ9pkXdGbDsDSZ0="
    },
    "babel-preset-es2015": {
      "version": "6.24.1",
      "resolved": "https://registry.npmjs.org/babel-preset-es2015/-/babel-preset-es2015-6.24.1.tgz",
      "integrity": "sha1-1EBQ1rwsn+6nAqrzjXJ6AhBTiTk="
    },
    "babel-preset-react": {
      "version": "6.24.1",
      "resolved": "https://registry.npmjs.org/babel-preset-react/-/babel-preset-react-6.24.1.tgz",
      "integrity": "sha1-umnfrqRfw+xjm2pOzqbhdwLJE4A="
    },
    "babel-preset-stage-0": {
      "version": "6.24.1",
      "resolved": "https://registry.npmjs.org/babel-preset-stage-0/-/babel-preset-stage-0-6.24.1.tgz",
      "integrity": "sha1-VkLRUEL5E4TX5a+LyIsduVsDnmo="
    },
    "babelify": {
      "version": "7.3.0",
      "resolved": "https://registry.npmjs.org/babelify/-/babelify-7.3.0.tgz",
      "integrity": "sha1-qlau3nBn/XvVSWZu4W3ChQh+iOU="
    },
    "classnames": {
      "version": "2.2.5",
      "resolved": "https://registry.npmjs.org/classnames/-/classnames-2.2.5.tgz",
      "integrity": "sha1-+zgB1FNGdknvNgPH1hoCvRKb3m0="
    },
    "css-loader": {
      "version": "0.23.1",
      "resolved": "https://registry.npmjs.org/css-loader/-/css-loader-0.23.1.tgz",
      "integrity": "sha1-n6I/K1wJZSNZEK1ezvO4o2OQ/lA="
    },
    "d3": {
      "version": "3.5.17",
      "resolved": "https://registry.npmjs.org/d3/-/d3-3.5.17.tgz",
      "integrity": "sha1-vEZ0gAQ3iyGjYMn8fPUjF5B2L7g="
    },
    "eslint": {
      "version": "1.10.3",
      "resolved": "https://registry.npmjs.org/eslint/-/eslint-1.10.3.tgz",
      "integrity": "sha1-+xmpGxPBWAgrvKKUsX2Xm8g1Ogo=",
      "dev": true,
      "dependencies": {
        "espree": {
          "version": "2.2.5",
          "resolved": "https://registry.npmjs.org/espree/-/espree-2.2.5.tgz",
          "integrity": "sha1-32kbkxCIlAKuspzAZnCMVmkLhUs="
        },
        "globals": {
          "version": "8.18.0",
          "resolved": "https://registry.npmjs.org/globals/-/globals-8.18.0.tgz",
          "integrity": "sha1-k9SmK9ysOM+vr8R9awNHaMsP/LQ="
        },
        "js-yaml": {
          "version": "3.4.5",
          "resolved": "https://registry.npmjs.org/js-yaml/-/js-yaml-3.4.5.tgz",
          "integrity": "sha1-w0A3l98SuRhmV08t4jZG/oyvtE0=",
          "dependencies": {
            "esprima": {
              "version": "2.7.3",
              "resolved": "https://registry.npmjs.org/esprima/-/esprima-2.7.3.tgz",
              "integrity": "sha1-luO3DVd59q1JzQMmc9HDEnZ7pYE="
            }
          }
        },
        "lodash.clonedeep": {
          "version": "3.0.2",
          "resolved": "https://registry.npmjs.org/lodash.clonedeep/-/lodash.clonedeep-3.0.2.tgz",
          "integrity": "sha1-oKHkDYKl6on/WxR7hETtY9koJ9s="
        },
        "user-home": {
          "version": "2.0.0",
          "resolved": "https://registry.npmjs.org/user-home/-/user-home-2.0.0.tgz",
          "integrity": "sha1-nHC/2Babwdy/SGBODwS4tJzenp8="
        }
      }
    },
    "eslint-plugin-react": {
      "version": "3.16.1",
      "resolved": "https://registry.npmjs.org/eslint-plugin-react/-/eslint-plugin-react-3.16.1.tgz",
      "integrity": "sha1-Ji2Wt318SkKvgJpzwOUnpYYSKTw=",
      "dev": true
    },
    "express": {
      "version": "4.15.3",
      "resolved": "https://registry.npmjs.org/express/-/express-4.15.3.tgz",
      "integrity": "sha1-urZdDwOqgMNYQIly/HAPkWlEtmI=",
      "dependencies": {
        "debug": {
          "version": "2.6.7",
          "resolved": "https://registry.npmjs.org/debug/-/debug-2.6.7.tgz",
          "integrity": "sha1-krrR9tBbu2u6Isyoi80OyJTChh4="
        }
      }
    },
    "file-loader": {
      "version": "0.8.5",
      "resolved": "https://registry.npmjs.org/file-loader/-/file-loader-0.8.5.tgz",
      "integrity": "sha1-knXQMf54DyfUf19K8CvUNxPMFRs="
    },
    "font-awesome": {
      "version": "4.7.0",
      "resolved": "https://registry.npmjs.org/font-awesome/-/font-awesome-4.7.0.tgz",
      "integrity": "sha1-j6jPBBGhoxr9B7BtKQK7n8gVoTM="
    },
    "hdo-bootstrap": {
      "version": "git+https://github.com/holderdeord/hdo-bootstrap.git#a91e3959b0a67d6d0c56558629cf02e89746b2f2",
      "from": "git+https://github.com/holderdeord/hdo-bootstrap.git#a91e3959b0a67d6d0c56558629cf02e89746b2f2"
    },
    "highcharts": {
      "version": "9.0.0",
      "resolved": "https://registry.npmjs.org/highcharts/-/highcharts-9.0.0.tgz",
      "integrity": "sha512-MJCtidFytGSQvsV3OEM+vFTLpjUcp7jmFpLn8h3oL4WKp0gxUOQg6Nw00sqMWGdiadst0gOZO4804zynTcYjZQ=="
    },
    "isomorphic-fetch": {
      "version": "2.2.1",
      "resolved": "https://registry.npmjs.org/isomorphic-fetch/-/isomorphic-fetch-2.2.1.tgz",
      "integrity": "sha1-YRrhrPFPXoH3KVB0coGf6XM1WKk="
    },
    "lodash.groupby": {
      "version": "4.6.0",
      "resolved": "https://registry.npmjs.org/lodash.groupby/-/lodash.groupby-4.6.0.tgz",
      "integrity": "sha1-Cwih3PaDl8OXhVwyOXg4Mt90A9E="
    },
    "moment": {
      "version": "2.18.1",
      "resolved": "https://registry.npmjs.org/moment/-/moment-2.18.1.tgz",
      "integrity": "sha1-w2GT3Tzhwu7SrbfIAtu8d6gbHA8="
    },
    "node-sass": {
      "version": "3.13.1",
      "resolved": "https://registry.npmjs.org/node-sass/-/node-sass-3.13.1.tgz",
      "integrity": "sha1-ckD7v/I5YwS0IjUn7TAgWJwAT8I=",
      "dependencies": {
        "glob": {
          "version": "7.1.2",
          "resolved": "https://registry.npmjs.org/glob/-/glob-7.1.2.tgz",
          "integrity": "sha512-MJTUg1kjuLeQCJ+ccE4Vpa6kKVXkPYJ2mOCQyUuKLcLQsdrMCpBPUi8qVE6+YuaJkozeA9NusTAw3hLr8Xe5EQ=="
        },
        "lodash.assign": {
          "version": "4.2.0",
          "resolved": "https://registry.npmjs.org/lodash.assign/-/lodash.assign-4.2.0.tgz",
          "integrity": "sha1-DZnzzNem0mHRm9rrkkUAXShYCOc="
        }
      }
    },
    "path": {
      "version": "0.12.7",
      "resolved": "https://registry.npmjs.org/path/-/path-0.12.7.tgz",
      "integrity": "sha1-1NwqUGxM4hl+tIHr/NWzbAFAsQ8="
    },
    "postcss": {
      "version": "5.2.17",
      "resolved": "https://registry.npmjs.org/postcss/-/postcss-5.2.17.tgz",
      "integrity": "sha1-z09Ze4ZNZcikkrLqvp1wbIecOIs="
    },
    "postcss-loader": {
      "version": "0.8.2",
      "resolved": "https://registry.npmjs.org/postcss-loader/-/postcss-loader-0.8.2.tgz",
      "integrity": "sha1-umc7x1vWvkA2duAyv+dn7KvpT6k="
    },
    "precss": {
      "version": "1.4.0",
      "resolved": "https://registry.npmjs.org/precss/-/precss-1.4.0.tgz",
      "integrity": "sha1-jXw65w8QoAo5VSh/haZuD4sxzaM="
    },
    "react": {
      "version": "0.14.9",
      "resolved": "https://registry.npmjs.org/react/-/react-0.14.9.tgz",
      "integrity": "sha1-kRCmSXxJ1EuhwO3TF67CnC4NkdE="
    },
    "react-dom": {
      "version": "0.14.9",
      "resolved": "https://registry.npmjs.org/react-dom/-/react-dom-0.14.9.tgz",
      "integrity": "sha1-BQZKPc8PsYgKOyv8nVjFXY2fYpM="
    },
    "react-hot-loader": {
      "version": "1.3.1",
      "resolved": "https://registry.npmjs.org/react-hot-loader/-/react-hot-loader-1.3.1.tgz",
      "integrity": "sha1-yVZHrni3Pfzv9uxx/8sEGC/22vk=",
      "dependencies": {
        "source-map": {
          "version": "0.4.4",
          "resolved": "https://registry.npmjs.org/source-map/-/source-map-0.4.4.tgz",
          "integrity": "sha1-66T12pwNyZneaAMti092FzZSA2s="
        }
      }
    },
    "react-motion": {
      "version": "0.3.1",
      "resolved": "https://registry.npmjs.org/react-motion/-/react-motion-0.3.1.tgz",
      "integrity": "sha1-rDMQg+DCoPwC+3ghEGV7f6O9Zj0="
    },
    "react-select": {
      "version": "0.9.1",
      "resolved": "https://registry.npmjs.org/react-select/-/react-select-0.9.1.tgz",
      "integrity": "sha1-4yKi0KBjlqSCBrBVPfXsR9Fgg7o="
    },
    "react-spinkit": {
      "version": "1.1.11",
      "resolved": "https://registry.npmjs.org/react-spinkit/-/react-spinkit-1.1.11.tgz",
      "integrity": "sha1-oI43Q31GrxbOe5yHkEuOeGsTWaM="
    },
    "request": {
      "version": "2.81.0",
      "resolved": "https://registry.npmjs.org/request/-/request-2.81.0.tgz",
      "integrity": "sha1-xpKJRqDgbF+Nb4qTM0af/aRimKA="
    },
    "sass-loader": {
      "version": "3.2.3",
      "resolved": "https://registry.npmjs.org/sass-loader/-/sass-loader-3.2.3.tgz",
      "integrity": "sha1-dC6B/YFwqHcal54YYiUBZ0qI41U="
    },
    "style-loader": {
      "version": "0.13.2",
      "resolved": "https://registry.npmjs.org/style-loader/-/style-loader-0.13.2.tgz",
      "integrity": "sha1-dFMzhM9pjHEEx5URULSXF63C87s=",
      "dependencies": {
        "loader-utils": {
          "version": "1.1.0",
          "resolved": "https://registry.npmjs.org/loader-utils/-/loader-utils-1.1.0.tgz",
          "integrity": "sha1-yYrvSIvM7aL/teLeZG1qdUQp9c0="
        }
      }
    },
    "url-loader": {
      "version": "0.5.9",
      "resolved": "https://registry.npmjs.org/url-loader/-/url-loader-0.5.9.tgz",
      "integrity": "sha512-B7QYFyvv+fOBqBVeefsxv6koWWtjmHaMFT6KZWti4KRw8YUD/hOU+3AECvXuzyVawIBx3z7zQRejXCDSO5kk1Q==",
      "dependencies": {
        "loader-utils": {
          "version": "1.1.0",
          "resolved": "https://registry.npmjs.org/loader-utils/-/loader-utils-1.1.0.tgz",
          "integrity": "sha1-yYrvSIvM7aL/teLeZG1qdUQp9c0="
        }
      }
    },
    "watchify": {
      "version": "3.9.0",
      "resolved": "https://registry.npmjs.org/watchify/-/watchify-3.9.0.tgz",
      "integrity": "sha1-8HX9LoqGrN6Eztum5cKgvt1SPZ4=",
      "dev": true
    },
    "webpack": {
      "version": "1.15.0",
      "resolved": "https://registry.npmjs.org/webpack/-/webpack-1.15.0.tgz",
      "integrity": "sha1-T/MfU9sDM55VFkqdRo7gMklo/pg=",
      "dependencies": {
        "acorn": {
          "version": "3.3.0",
          "resolved": "https://registry.npmjs.org/acorn/-/acorn-3.3.0.tgz",
          "integrity": "sha1-ReN/s56No/JbruP/U2niu18iAXo="
        }
      }
    },
    "webpack-dev-server": {
      "version": "1.16.5",
      "resolved": "https://registry.npmjs.org/webpack-dev-server/-/webpack-dev-server-1.16.5.tgz",
      "integrity": "sha1-DL1fLSrI1OWTqs1clwLnu9XlmJI="
    }
  }
}
